
Microsoft Visual Studio Solution File, Format Version 12.00
# Visual Studio 15
VisualStudioVersion = 15.0.27703.2026
MinimumVisualStudioVersion = 10.0.40219.1
Project("{FAE04EC0-301F-11D3-BF4B-00C04F79EFBC}") = "ExpertsExchange01", "ExpertsExchange\ExpertsExchange01.csproj", "{5E6A2991-7091-43F7-A788-329057EDDB73}"
EndProject
Project("{FAE04EC0-301F-11D3-BF4B-00C04F79EFBC}") = "Solution2 XMLintoObjects", "Solution2 XMLintoObjects\Solution2 XMLintoObjects.csproj", "{02172A64-0107-402B-898B-34375F678633}"
EndProject
Project("{FAE04EC0-301F-11D3-BF4B-00C04F79EFBC}") = "ExtractXmlProperties", "ExtractXmlProperties\ExtractXmlProperties.csproj", "{A9FB9333-70CD-4151-84C0-460379EBD205}"
EndProject
Project("{FAE04EC0-301F-11D3-BF4B-00C04F79EFBC}") = "AppendTextToJson", "AppendTextToJson\AppendTextToJson.csproj", "{9919247D-7555-4C74-BA8A-708D9558BFCC}"
EndProject
Project("{FAE04EC0-301F-11D3-BF4B-00C04F79EFBC}") = "MVCdontCallCorrectlyController", "MVCdontCallCorrectlyController\MVCdontCallCorrectlyController.csproj", "{26A3A580-385A-419A-ADB9-D0A08A0FA86B}"
EndProject
Project("{FAE04EC0-301F-11D3-BF4B-00C04F79EFBC}") = "StringComparison", "StringComparison\StringComparison.csproj", "{3039DEEA-4686-4427-828E-878FBAD175AF}"
EndProject
Project("{FAE04EC0-301F-11D3-BF4B-00C04F79EFBC}") = "MVCActionResultWithRedirect", "MVCActionResultWithRedirect\MVCActionResultWithRedirect.csproj", "{541160A6-A9A5-445B-98E9-D9D44E1EC63A}"
EndProject
Project("{FAE04EC0-301F-11D3-BF4B-00C04F79EFBC}") = "MVCTableWhenDataisEmpty", "MVCTableWhenDataisEmpty\MVCTableWhenDataisEmpty.csproj", "{2D1ED2D7-F096-4F7C-96EE-B78C38EDC514}"
EndProject
Project("{FAE04EC0-301F-11D3-BF4B-00C04F79EFBC}") = "ListorArray", "ListorArray\ListorArray.csproj", "{2258E96F-ECAA-43D0-B88F-CB95A0FA5D54}"
EndProject
Project("{FAE04EC0-301F-11D3-BF4B-00C04F79EFBC}") = "Combining2Csvs", "Combining2Csvs\Combining2Csvs.csproj", "{6A8E922F-7836-46CA-B330-F1491FD42055}"
EndProject
Global
	GlobalSection(SolutionConfigurationPlatforms) = preSolution
		Debug|Any CPU = Debug|Any CPU
		Release|Any CPU = Release|Any CPU
	EndGlobalSection
	GlobalSection(ProjectConfigurationPlatforms) = postSolution
		{5E6A2991-7091-43F7-A788-329057EDDB73}.Debug|Any CPU.ActiveCfg = Debug|Any CPU
		{5E6A2991-7091-43F7-A788-329057EDDB73}.Debug|Any CPU.Build.0 = Debug|Any CPU
		{5E6A2991-7091-43F7-A788-329057EDDB73}.Release|Any CPU.ActiveCfg = Release|Any CPU
		{5E6A2991-7091-43F7-A788-329057EDDB73}.Release|Any CPU.Build.0 = Release|Any CPU
		{02172A64-0107-402B-898B-34375F678633}.Debug|Any CPU.ActiveCfg = Debug|Any CPU
		{02172A64-0107-402B-898B-34375F678633}.Debug|Any CPU.Build.0 = Debug|Any CPU
		{02172A64-0107-402B-898B-34375F678633}.Release|Any CPU.ActiveCfg = Release|Any CPU
		{02172A64-0107-402B-898B-34375F678633}.Release|Any CPU.Build.0 = Release|Any CPU
		{A9FB9333-70CD-4151-84C0-460379EBD205}.Debug|Any CPU.ActiveCfg = Debug|Any CPU
		{A9FB9333-70CD-4151-84C0-460379EBD205}.Debug|Any CPU.Build.0 = Debug|Any CPU
		{A9FB9333-70CD-4151-84C0-460379EBD205}.Release|Any CPU.ActiveCfg = Release|Any CPU
		{A9FB9333-70CD-4151-84C0-460379EBD205}.Release|Any CPU.Build.0 = Release|Any CPU
		{9919247D-7555-4C74-BA8A-708D9558BFCC}.Debug|Any CPU.ActiveCfg = Debug|Any CPU
		{9919247D-7555-4C74-BA8A-708D9558BFCC}.Debug|Any CPU.Build.0 = Debug|Any CPU
		{9919247D-7555-4C74-BA8A-708D9558BFCC}.Release|Any CPU.ActiveCfg = Release|Any CPU
		{9919247D-7555-4C74-BA8A-708D9558BFCC}.Release|Any CPU.Build.0 = Release|Any CPU
		{26A3A580-385A-419A-ADB9-D0A08A0FA86B}.Debug|Any CPU.ActiveCfg = Debug|Any CPU
		{26A3A580-385A-419A-ADB9-D0A08A0FA86B}.Debug|Any CPU.Build.0 = Debug|Any CPU
		{26A3A580-385A-419A-ADB9-D0A08A0FA86B}.Release|Any CPU.ActiveCfg = Release|Any CPU
		{26A3A580-385A-419A-ADB9-D0A08A0FA86B}.Release|Any CPU.Build.0 = Release|Any CPU
		{3039DEEA-4686-4427-828E-878FBAD175AF}.Debug|Any CPU.ActiveCfg = Debug|Any CPU
		{3039DEEA-4686-4427-828E-878FBAD175AF}.Debug|Any CPU.Build.0 = Debug|Any CPU
		{3039DEEA-4686-4427-828E-878FBAD175AF}.Release|Any CPU.ActiveCfg = Release|Any CPU
		{3039DEEA-4686-4427-828E-878FBAD175AF}.Release|Any CPU.Build.0 = Release|Any CPU
		{541160A6-A9A5-445B-98E9-D9D44E1EC63A}.Debug|Any CPU.ActiveCfg = Debug|Any CPU
		{541160A6-A9A5-445B-98E9-D9D44E1EC63A}.Debug|Any CPU.Build.0 = Debug|Any CPU
		{541160A6-A9A5-445B-98E9-D9D44E1EC63A}.Release|Any CPU.ActiveCfg = Release|Any CPU
		{541160A6-A9A5-445B-98E9-D9D44E1EC63A}.Release|Any CPU.Build.0 = Release|Any CPU
		{2D1ED2D7-F096-4F7C-96EE-B78C38EDC514}.Debug|Any CPU.ActiveCfg = Debug|Any CPU
		{2D1ED2D7-F096-4F7C-96EE-B78C38EDC514}.Debug|Any CPU.Build.0 = Debug|Any CPU
		{2D1ED2D7-F096-4F7C-96EE-B78C38EDC514}.Release|Any CPU.ActiveCfg = Release|Any CPU
		{2D1ED2D7-F096-4F7C-96EE-B78C38EDC514}.Release|Any CPU.Build.0 = Release|Any CPU
		{2258E96F-ECAA-43D0-B88F-CB95A0FA5D54}.Debug|Any CPU.ActiveCfg = Debug|Any CPU
		{2258E96F-ECAA-43D0-B88F-CB95A0FA5D54}.Debug|Any CPU.Build.0 = Debug|Any CPU
		{2258E96F-ECAA-43D0-B88F-CB95A0FA5D54}.Release|Any CPU.ActiveCfg = Release|Any CPU
		{2258E96F-ECAA-43D0-B88F-CB95A0FA5D54}.Release|Any CPU.Build.0 = Release|Any CPU
		{6A8E922F-7836-46CA-B330-F1491FD42055}.Debug|Any CPU.ActiveCfg = Debug|Any CPU
		{6A8E922F-7836-46CA-B330-F1491FD42055}.Debug|Any CPU.Build.0 = Debug|Any CPU
		{6A8E922F-7836-46CA-B330-F1491FD42055}.Release|Any CPU.ActiveCfg = Release|Any CPU
		{6A8E922F-7836-46CA-B330-F1491FD42055}.Release|Any CPU.Build.0 = Release|Any CPU
	EndGlobalSection
	GlobalSection(SolutionProperties) = preSolution
		HideSolutionNode = FALSE
	EndGlobalSection
	GlobalSection(ExtensibilityGlobals) = postSolution
		SolutionGuid = {9C269687-E598-498B-9591-628E0C499FF3}
	EndGlobalSection
EndGlobal
